
Microsoft Visual Studio Solution File, Format Version 12.00
# Visual Studio Version 17
VisualStudioVersion = 17.13.35825.156 d17.13
MinimumVisualStudioVersion = 10.0.40219.1
Project("{FAE04EC0-301F-11D3-BF4B-00C04F79EFBC}") = "Exercicio01", "Exercicio01\Exercicio01.csproj", "{4666DC02-5EA0-4420-92E1-67AE6CCEA43F}"
EndProject
Project("{FAE04EC0-301F-11D3-BF4B-00C04F79EFBC}") = "Exercicio02", "Exercicio02\Exercicio02.csproj", "{6759D7C3-5E2B-4251-B9C0-198FF1C44DC9}"
EndProject
Project("{FAE04EC0-301F-11D3-BF4B-00C04F79EFBC}") = "Exercicio03", "Exercicio03\Exercicio03.csproj", "{ECAD68D7-8CB9-4377-8CCE-9943F2E4DCD0}"
EndProject
Project("{FAE04EC0-301F-11D3-BF4B-00C04F79EFBC}") = "Exercicio04", "Exercicio04\Exercicio04.csproj", "{4C2E1C1F-B28D-4F69-9C4E-117ECAA570D5}"
EndProject
Project("{FAE04EC0-301F-11D3-BF4B-00C04F79EFBC}") = "Exercicio05", "Exercicio05\Exercicio05.csproj", "{5027995B-96C6-4F03-A7BD-71E791D5FC6E}"
EndProject
Global
	GlobalSection(SolutionConfigurationPlatforms) = preSolution
		Debug|Any CPU = Debug|Any CPU
		Release|Any CPU = Release|Any CPU
	EndGlobalSection
	GlobalSection(ProjectConfigurationPlatforms) = postSolution
		{4666DC02-5EA0-4420-92E1-67AE6CCEA43F}.Debug|Any CPU.ActiveCfg = Debug|Any CPU
		{4666DC02-5EA0-4420-92E1-67AE6CCEA43F}.Debug|Any CPU.Build.0 = Debug|Any CPU
		{4666DC02-5EA0-4420-92E1-67AE6CCEA43F}.Release|Any CPU.ActiveCfg = Release|Any CPU
		{4666DC02-5EA0-4420-92E1-67AE6CCEA43F}.Release|Any CPU.Build.0 = Release|Any CPU
		{6759D7C3-5E2B-4251-B9C0-198FF1C44DC9}.Debug|Any CPU.ActiveCfg = Debug|Any CPU
		{6759D7C3-5E2B-4251-B9C0-198FF1C44DC9}.Debug|Any CPU.Build.0 = Debug|Any CPU
		{6759D7C3-5E2B-4251-B9C0-198FF1C44DC9}.Release|Any CPU.ActiveCfg = Release|Any CPU
		{6759D7C3-5E2B-4251-B9C0-198FF1C44DC9}.Release|Any CPU.Build.0 = Release|Any CPU
		{ECAD68D7-8CB9-4377-8CCE-9943F2E4DCD0}.Debug|Any CPU.ActiveCfg = Debug|Any CPU
		{ECAD68D7-8CB9-4377-8CCE-9943F2E4DCD0}.Debug|Any CPU.Build.0 = Debug|Any CPU
		{ECAD68D7-8CB9-4377-8CCE-9943F2E4DCD0}.Release|Any CPU.ActiveCfg = Release|Any CPU
		{ECAD68D7-8CB9-4377-8CCE-9943F2E4DCD0}.Release|Any CPU.Build.0 = Release|Any CPU
		{4C2E1C1F-B28D-4F69-9C4E-117ECAA570D5}.Debug|Any CPU.ActiveCfg = Debug|Any CPU
		{4C2E1C1F-B28D-4F69-9C4E-117ECAA570D5}.Debug|Any CPU.Build.0 = Debug|Any CPU
		{4C2E1C1F-B28D-4F69-9C4E-117ECAA570D5}.Release|Any CPU.ActiveCfg = Release|Any CPU
		{4C2E1C1F-B28D-4F69-9C4E-117ECAA570D5}.Release|Any CPU.Build.0 = Release|Any CPU
		{5027995B-96C6-4F03-A7BD-71E791D5FC6E}.Debug|Any CPU.ActiveCfg = Debug|Any CPU
		{5027995B-96C6-4F03-A7BD-71E791D5FC6E}.Debug|Any CPU.Build.0 = Debug|Any CPU
		{5027995B-96C6-4F03-A7BD-71E791D5FC6E}.Release|Any CPU.ActiveCfg = Release|Any CPU
		{5027995B-96C6-4F03-A7BD-71E791D5FC6E}.Release|Any CPU.Build.0 = Release|Any CPU
	EndGlobalSection
	GlobalSection(SolutionProperties) = preSolution
		HideSolutionNode = FALSE
	EndGlobalSection
	GlobalSection(ExtensibilityGlobals) = postSolution
		SolutionGuid = {ED998590-A376-43A8-8F0A-629868369250}
	EndGlobalSection
EndGlobal
