
Microsoft Visual Studio Solution File, Format Version 12.00
# Visual Studio Version 17
VisualStudioVersion = 17.13.35825.156 d17.13
MinimumVisualStudioVersion = 10.0.40219.1
Project("{FAE04EC0-301F-11D3-BF4B-00C04F79EFBC}") = "Exercicio01", "Exercicio01\Exercicio01.csproj", "{4666DC02-5EA0-4420-92E1-67AE6CCEA43F}"
EndProject
Project("{FAE04EC0-301F-11D3-BF4B-00C04F79EFBC}") = "Exercicio02", "Exercicio02\Exercicio02.csproj", "{6759D7C3-5E2B-4251-B9C0-198FF1C44DC9}"
EndProject
Project("{FAE04EC0-301F-11D3-BF4B-00C04F79EFBC}") = "Exercicio03", "Exercicio03\Exercicio03.csproj", "{ECAD68D7-8CB9-4377-8CCE-9943F2E4DCD0}"
EndProject
Project("{FAE04EC0-301F-11D3-BF4B-00C04F79EFBC}") = "Exercicio04", "Exercicio04\Exercicio04.csproj", "{4C2E1C1F-B28D-4F69-9C4E-117ECAA570D5}"
EndProject
Project("{FAE04EC0-301F-11D3-BF4B-00C04F79EFBC}") = "Exercicio05", "Exercicio05\Exercicio05.csproj", "{5027995B-96C6-4F03-A7BD-71E791D5FC6E}"
EndProject
Project("{FAE04EC0-301F-11D3-BF4B-00C04F79EFBC}") = "Exercicio06", "Exercicio06\Exercicio06.csproj", "{184E0DED-67A0-49CE-992C-F7237E7A6D99}"
EndProject
Project("{FAE04EC0-301F-11D3-BF4B-00C04F79EFBC}") = "Exercicio07", "Exercicio07\Exercicio07.csproj", "{9FA4D172-7FCA-4C99-B472-4AEDD4889B1A}"
EndProject
Project("{FAE04EC0-301F-11D3-BF4B-00C04F79EFBC}") = "Exercicio08", "Exercicio08\Exercicio08.csproj", "{B3EC02FA-1005-4B5B-BAF2-5B77DAB183BE}"
EndProject
Project("{FAE04EC0-301F-11D3-BF4B-00C04F79EFBC}") = "Exercicio09", "Exercicio09\Exercicio09.csproj", "{67D50FFB-180B-417D-A33F-2C2C56444933}"
EndProject
Project("{FAE04EC0-301F-11D3-BF4B-00C04F79EFBC}") = "Exercicio10", "Exercicio10\Exercicio10.csproj", "{D2DCC468-A3A5-4CA7-91A4-268032044317}"
EndProject
Project("{FAE04EC0-301F-11D3-BF4B-00C04F79EFBC}") = "Exercicio11", "Exercicio11\Exercicio11.csproj", "{9C71BAEA-B3E0-46BE-8E3C-9562EB6E2B35}"
EndProject
Project("{FAE04EC0-301F-11D3-BF4B-00C04F79EFBC}") = "Exercicio12", "Exercicio12\Exercicio12.csproj", "{0334CA55-ACED-40D6-BA8B-668BEB2A20B1}"
EndProject
Project("{FAE04EC0-301F-11D3-BF4B-00C04F79EFBC}") = "Exercicio13", "Exercicio13\Exercicio13.csproj", "{151D8D84-C605-4321-AA8A-C645AA058785}"
EndProject
Project("{FAE04EC0-301F-11D3-BF4B-00C04F79EFBC}") = "Exercicio14", "Exercicio14\Exercicio14.csproj", "{C23C5B98-1D02-4206-9C99-13395016905E}"
EndProject
Project("{FAE04EC0-301F-11D3-BF4B-00C04F79EFBC}") = "Exercicio15", "Exercicio15\Exercicio15.csproj", "{371378BF-9D0D-4617-9751-2E866E658B11}"
EndProject
Project("{FAE04EC0-301F-11D3-BF4B-00C04F79EFBC}") = "Exercicio16", "Exercicio16\Exercicio16.csproj", "{D0504CD4-04BF-4C97-89CA-6DEF9841BD65}"
EndProject
Project("{FAE04EC0-301F-11D3-BF4B-00C04F79EFBC}") = "Exercicio17", "Exercicio 17\Exercicio17.csproj", "{C3CF2CE8-28D1-4127-9521-B4FBF7356062}"
EndProject
Project("{FAE04EC0-301F-11D3-BF4B-00C04F79EFBC}") = "Exercicio18", "Exercicio 18\Exercicio18.csproj", "{2C3E161F-63D9-4518-B473-D30434787ACC}"
EndProject
Project("{FAE04EC0-301F-11D3-BF4B-00C04F79EFBC}") = "Exercicio19", "Exercicio19\Exercicio19.csproj", "{B1FF3A8F-8BD1-4DC1-B555-314513AD2D75}"
EndProject
Global
	GlobalSection(SolutionConfigurationPlatforms) = preSolution
		Debug|Any CPU = Debug|Any CPU
		Release|Any CPU = Release|Any CPU
	EndGlobalSection
	GlobalSection(ProjectConfigurationPlatforms) = postSolution
		{4666DC02-5EA0-4420-92E1-67AE6CCEA43F}.Debug|Any CPU.ActiveCfg = Debug|Any CPU
		{4666DC02-5EA0-4420-92E1-67AE6CCEA43F}.Debug|Any CPU.Build.0 = Debug|Any CPU
		{4666DC02-5EA0-4420-92E1-67AE6CCEA43F}.Release|Any CPU.ActiveCfg = Release|Any CPU
		{4666DC02-5EA0-4420-92E1-67AE6CCEA43F}.Release|Any CPU.Build.0 = Release|Any CPU
		{6759D7C3-5E2B-4251-B9C0-198FF1C44DC9}.Debug|Any CPU.ActiveCfg = Debug|Any CPU
		{6759D7C3-5E2B-4251-B9C0-198FF1C44DC9}.Debug|Any CPU.Build.0 = Debug|Any CPU
		{6759D7C3-5E2B-4251-B9C0-198FF1C44DC9}.Release|Any CPU.ActiveCfg = Release|Any CPU
		{6759D7C3-5E2B-4251-B9C0-198FF1C44DC9}.Release|Any CPU.Build.0 = Release|Any CPU
		{ECAD68D7-8CB9-4377-8CCE-9943F2E4DCD0}.Debug|Any CPU.ActiveCfg = Debug|Any CPU
		{ECAD68D7-8CB9-4377-8CCE-9943F2E4DCD0}.Debug|Any CPU.Build.0 = Debug|Any CPU
		{ECAD68D7-8CB9-4377-8CCE-9943F2E4DCD0}.Release|Any CPU.ActiveCfg = Release|Any CPU
		{ECAD68D7-8CB9-4377-8CCE-9943F2E4DCD0}.Release|Any CPU.Build.0 = Release|Any CPU
		{4C2E1C1F-B28D-4F69-9C4E-117ECAA570D5}.Debug|Any CPU.ActiveCfg = Debug|Any CPU
		{4C2E1C1F-B28D-4F69-9C4E-117ECAA570D5}.Debug|Any CPU.Build.0 = Debug|Any CPU
		{4C2E1C1F-B28D-4F69-9C4E-117ECAA570D5}.Release|Any CPU.ActiveCfg = Release|Any CPU
		{4C2E1C1F-B28D-4F69-9C4E-117ECAA570D5}.Release|Any CPU.Build.0 = Release|Any CPU
		{5027995B-96C6-4F03-A7BD-71E791D5FC6E}.Debug|Any CPU.ActiveCfg = Debug|Any CPU
		{5027995B-96C6-4F03-A7BD-71E791D5FC6E}.Debug|Any CPU.Build.0 = Debug|Any CPU
		{5027995B-96C6-4F03-A7BD-71E791D5FC6E}.Release|Any CPU.ActiveCfg = Release|Any CPU
		{5027995B-96C6-4F03-A7BD-71E791D5FC6E}.Release|Any CPU.Build.0 = Release|Any CPU
		{184E0DED-67A0-49CE-992C-F7237E7A6D99}.Debug|Any CPU.ActiveCfg = Debug|Any CPU
		{184E0DED-67A0-49CE-992C-F7237E7A6D99}.Debug|Any CPU.Build.0 = Debug|Any CPU
		{184E0DED-67A0-49CE-992C-F7237E7A6D99}.Release|Any CPU.ActiveCfg = Release|Any CPU
		{184E0DED-67A0-49CE-992C-F7237E7A6D99}.Release|Any CPU.Build.0 = Release|Any CPU
		{9FA4D172-7FCA-4C99-B472-4AEDD4889B1A}.Debug|Any CPU.ActiveCfg = Debug|Any CPU
		{9FA4D172-7FCA-4C99-B472-4AEDD4889B1A}.Debug|Any CPU.Build.0 = Debug|Any CPU
		{9FA4D172-7FCA-4C99-B472-4AEDD4889B1A}.Release|Any CPU.ActiveCfg = Release|Any CPU
		{9FA4D172-7FCA-4C99-B472-4AEDD4889B1A}.Release|Any CPU.Build.0 = Release|Any CPU
		{B3EC02FA-1005-4B5B-BAF2-5B77DAB183BE}.Debug|Any CPU.ActiveCfg = Debug|Any CPU
		{B3EC02FA-1005-4B5B-BAF2-5B77DAB183BE}.Debug|Any CPU.Build.0 = Debug|Any CPU
		{B3EC02FA-1005-4B5B-BAF2-5B77DAB183BE}.Release|Any CPU.ActiveCfg = Release|Any CPU
		{B3EC02FA-1005-4B5B-BAF2-5B77DAB183BE}.Release|Any CPU.Build.0 = Release|Any CPU
		{67D50FFB-180B-417D-A33F-2C2C56444933}.Debug|Any CPU.ActiveCfg = Debug|Any CPU
		{67D50FFB-180B-417D-A33F-2C2C56444933}.Debug|Any CPU.Build.0 = Debug|Any CPU
		{67D50FFB-180B-417D-A33F-2C2C56444933}.Release|Any CPU.ActiveCfg = Release|Any CPU
		{67D50FFB-180B-417D-A33F-2C2C56444933}.Release|Any CPU.Build.0 = Release|Any CPU
		{D2DCC468-A3A5-4CA7-91A4-268032044317}.Debug|Any CPU.ActiveCfg = Debug|Any CPU
		{D2DCC468-A3A5-4CA7-91A4-268032044317}.Debug|Any CPU.Build.0 = Debug|Any CPU
		{D2DCC468-A3A5-4CA7-91A4-268032044317}.Release|Any CPU.ActiveCfg = Release|Any CPU
		{D2DCC468-A3A5-4CA7-91A4-268032044317}.Release|Any CPU.Build.0 = Release|Any CPU
		{9C71BAEA-B3E0-46BE-8E3C-9562EB6E2B35}.Debug|Any CPU.ActiveCfg = Debug|Any CPU
		{9C71BAEA-B3E0-46BE-8E3C-9562EB6E2B35}.Debug|Any CPU.Build.0 = Debug|Any CPU
		{9C71BAEA-B3E0-46BE-8E3C-9562EB6E2B35}.Release|Any CPU.ActiveCfg = Release|Any CPU
		{9C71BAEA-B3E0-46BE-8E3C-9562EB6E2B35}.Release|Any CPU.Build.0 = Release|Any CPU
		{0334CA55-ACED-40D6-BA8B-668BEB2A20B1}.Debug|Any CPU.ActiveCfg = Debug|Any CPU
		{0334CA55-ACED-40D6-BA8B-668BEB2A20B1}.Debug|Any CPU.Build.0 = Debug|Any CPU
		{0334CA55-ACED-40D6-BA8B-668BEB2A20B1}.Release|Any CPU.ActiveCfg = Release|Any CPU
		{0334CA55-ACED-40D6-BA8B-668BEB2A20B1}.Release|Any CPU.Build.0 = Release|Any CPU
		{151D8D84-C605-4321-AA8A-C645AA058785}.Debug|Any CPU.ActiveCfg = Debug|Any CPU
		{151D8D84-C605-4321-AA8A-C645AA058785}.Debug|Any CPU.Build.0 = Debug|Any CPU
		{151D8D84-C605-4321-AA8A-C645AA058785}.Release|Any CPU.ActiveCfg = Release|Any CPU
		{151D8D84-C605-4321-AA8A-C645AA058785}.Release|Any CPU.Build.0 = Release|Any CPU
		{C23C5B98-1D02-4206-9C99-13395016905E}.Debug|Any CPU.ActiveCfg = Debug|Any CPU
		{C23C5B98-1D02-4206-9C99-13395016905E}.Debug|Any CPU.Build.0 = Debug|Any CPU
		{C23C5B98-1D02-4206-9C99-13395016905E}.Release|Any CPU.ActiveCfg = Release|Any CPU
		{C23C5B98-1D02-4206-9C99-13395016905E}.Release|Any CPU.Build.0 = Release|Any CPU
		{371378BF-9D0D-4617-9751-2E866E658B11}.Debug|Any CPU.ActiveCfg = Debug|Any CPU
		{371378BF-9D0D-4617-9751-2E866E658B11}.Debug|Any CPU.Build.0 = Debug|Any CPU
		{371378BF-9D0D-4617-9751-2E866E658B11}.Release|Any CPU.ActiveCfg = Release|Any CPU
		{371378BF-9D0D-4617-9751-2E866E658B11}.Release|Any CPU.Build.0 = Release|Any CPU
		{D0504CD4-04BF-4C97-89CA-6DEF9841BD65}.Debug|Any CPU.ActiveCfg = Debug|Any CPU
		{D0504CD4-04BF-4C97-89CA-6DEF9841BD65}.Debug|Any CPU.Build.0 = Debug|Any CPU
		{D0504CD4-04BF-4C97-89CA-6DEF9841BD65}.Release|Any CPU.ActiveCfg = Release|Any CPU
		{D0504CD4-04BF-4C97-89CA-6DEF9841BD65}.Release|Any CPU.Build.0 = Release|Any CPU
		{C3CF2CE8-28D1-4127-9521-B4FBF7356062}.Debug|Any CPU.ActiveCfg = Debug|Any CPU
		{C3CF2CE8-28D1-4127-9521-B4FBF7356062}.Debug|Any CPU.Build.0 = Debug|Any CPU
		{C3CF2CE8-28D1-4127-9521-B4FBF7356062}.Release|Any CPU.ActiveCfg = Release|Any CPU
		{C3CF2CE8-28D1-4127-9521-B4FBF7356062}.Release|Any CPU.Build.0 = Release|Any CPU
		{2C3E161F-63D9-4518-B473-D30434787ACC}.Debug|Any CPU.ActiveCfg = Debug|Any CPU
		{2C3E161F-63D9-4518-B473-D30434787ACC}.Debug|Any CPU.Build.0 = Debug|Any CPU
		{2C3E161F-63D9-4518-B473-D30434787ACC}.Release|Any CPU.ActiveCfg = Release|Any CPU
		{2C3E161F-63D9-4518-B473-D30434787ACC}.Release|Any CPU.Build.0 = Release|Any CPU
		{B1FF3A8F-8BD1-4DC1-B555-314513AD2D75}.Debug|Any CPU.ActiveCfg = Debug|Any CPU
		{B1FF3A8F-8BD1-4DC1-B555-314513AD2D75}.Debug|Any CPU.Build.0 = Debug|Any CPU
		{B1FF3A8F-8BD1-4DC1-B555-314513AD2D75}.Release|Any CPU.ActiveCfg = Release|Any CPU
		{B1FF3A8F-8BD1-4DC1-B555-314513AD2D75}.Release|Any CPU.Build.0 = Release|Any CPU
	EndGlobalSection
	GlobalSection(SolutionProperties) = preSolution
		HideSolutionNode = FALSE
	EndGlobalSection
	GlobalSection(ExtensibilityGlobals) = postSolution
		SolutionGuid = {ED998590-A376-43A8-8F0A-629868369250}
	EndGlobalSection
EndGlobal
